
Microsoft Visual Studio Solution File, Format Version 12.00
# Visual Studio 15
VisualStudioVersion = 15.0.28307.572
MinimumVisualStudioVersion = 10.0.40219.1
Project("{FAE04EC0-301F-11D3-BF4B-00C04F79EFBC}") = "JavaScript", "JavaScript\JavaScript.csproj", "{626AD5D9-48F9-44FF-B421-E1E5FC75436D}"
EndProject
Global
	GlobalSection(SolutionConfigurationPlatforms) = preSolution
		Debug|Any CPU = Debug|Any CPU
		Release|Any CPU = Release|Any CPU
	EndGlobalSection
	GlobalSection(ProjectConfigurationPlatforms) = postSolution
		{626AD5D9-48F9-44FF-B421-E1E5FC75436D}.Debug|Any CPU.ActiveCfg = Debug|Any CPU
		{626AD5D9-48F9-44FF-B421-E1E5FC75436D}.Debug|Any CPU.Build.0 = Debug|Any CPU
		{626AD5D9-48F9-44FF-B421-E1E5FC75436D}.Release|Any CPU.ActiveCfg = Release|Any CPU
		{626AD5D9-48F9-44FF-B421-E1E5FC75436D}.Release|Any CPU.Build.0 = Release|Any CPU
	EndGlobalSection
	GlobalSection(SolutionProperties) = preSolution
		HideSolutionNode = FALSE
	EndGlobalSection
	GlobalSection(ExtensibilityGlobals) = postSolution
		SolutionGuid = {3A24C3A7-C563-4575-BAD1-4728284D5D32}
	EndGlobalSection
EndGlobal
